
Microsoft Visual Studio Solution File, Format Version 12.00
# Visual Studio Version 16
VisualStudioVersion = 16.0.31410.357
MinimumVisualStudioVersion = 10.0.40219.1
Project("{9A19103F-16F7-4668-BE54-9A1E7A4F7556}") = "Sparcpoint.Notification", "Sparcpoint.Notification\Sparcpoint.Notification.csproj", "{3A3C8378-00AD-44A6-BC65-550CED84347B}"
EndProject
Global
	GlobalSection(SolutionConfigurationPlatforms) = preSolution
		Debug|Any CPU = Debug|Any CPU
		Release|Any CPU = Release|Any CPU
	EndGlobalSection
	GlobalSection(ProjectConfigurationPlatforms) = postSolution
		{3A3C8378-00AD-44A6-BC65-550CED84347B}.Debug|Any CPU.ActiveCfg = Debug|Any CPU
		{3A3C8378-00AD-44A6-BC65-550CED84347B}.Debug|Any CPU.Build.0 = Debug|Any CPU
		{3A3C8378-00AD-44A6-BC65-550CED84347B}.Release|Any CPU.ActiveCfg = Release|Any CPU
		{3A3C8378-00AD-44A6-BC65-550CED84347B}.Release|Any CPU.Build.0 = Release|Any CPU
	EndGlobalSection
	GlobalSection(SolutionProperties) = preSolution
		HideSolutionNode = FALSE
	EndGlobalSection
	GlobalSection(ExtensibilityGlobals) = postSolution
		SolutionGuid = {8FEA8763-ADC4-43DA-B8FE-D83E10D34C66}
	EndGlobalSection
EndGlobal
